
Microsoft Visual Studio Solution File, Format Version 12.00
# Visual Studio 14
VisualStudioVersion = 14.0.23107.0
MinimumVisualStudioVersion = 10.0.40219.1
Project("{FAE04EC0-301F-11D3-BF4B-00C04F79EFBC}") = "WebApplication1", "WebApplication1\WebApplication1.csproj", "{B2E37FF1-67FF-4F5D-8C15-4E26E950770D}"
EndProject
Global
	GlobalSection(SolutionConfigurationPlatforms) = preSolution
		Debug|Any CPU = Debug|Any CPU
		Release|Any CPU = Release|Any CPU
	EndGlobalSection
	GlobalSection(ProjectConfigurationPlatforms) = postSolution
		{B2E37FF1-67FF-4F5D-8C15-4E26E950770D}.Debug|Any CPU.ActiveCfg = Debug|Any CPU
		{B2E37FF1-67FF-4F5D-8C15-4E26E950770D}.Debug|Any CPU.Build.0 = Debug|Any CPU
		{B2E37FF1-67FF-4F5D-8C15-4E26E950770D}.Release|Any CPU.ActiveCfg = Release|Any CPU
		{B2E37FF1-67FF-4F5D-8C15-4E26E950770D}.Release|Any CPU.Build.0 = Release|Any CPU
	EndGlobalSection
	GlobalSection(SolutionProperties) = preSolution
		HideSolutionNode = FALSE
	EndGlobalSection
EndGlobal
